
Microsoft Visual Studio Solution File, Format Version 12.00
# Visual Studio Version 17
VisualStudioVersion = 17.11.35327.3
MinimumVisualStudioVersion = 10.0.40219.1
Project("{FAE04EC0-301F-11D3-BF4B-00C04F79EFBC}") = "Project12-Hafta2Kapans", "Project12-Hafta2Kapans\Project12-Hafta2Kapans.csproj", "{DEFA012A-1291-4DFB-A7D6-5385F90619E0}"
EndProject
Project("{FAE04EC0-301F-11D3-BF4B-00C04F79EFBC}") = "S01", "S01\S01.csproj", "{8417BE43-D5E8-43FE-906A-2EF68760F590}"
EndProject
Project("{FAE04EC0-301F-11D3-BF4B-00C04F79EFBC}") = "S02", "S02\S02.csproj", "{06BEC78A-3DA0-47F9-B003-40752400C46D}"
EndProject
Project("{FAE04EC0-301F-11D3-BF4B-00C04F79EFBC}") = "S03", "S03\S03.csproj", "{CD7FA250-1484-4FF6-B138-1CACE0BF4611}"
EndProject
Project("{FAE04EC0-301F-11D3-BF4B-00C04F79EFBC}") = "S04", "S04\S04.csproj", "{421641CF-8A87-4F76-8E65-6E3A559CB1DB}"
EndProject
Project("{FAE04EC0-301F-11D3-BF4B-00C04F79EFBC}") = "S05", "S05\S05.csproj", "{65877423-341F-41FF-AD99-BCB48DAAE5D2}"
EndProject
Project("{FAE04EC0-301F-11D3-BF4B-00C04F79EFBC}") = "S06", "S06\S06.csproj", "{A16DE523-4748-4E6E-9AC0-BD702ACCC93A}"
EndProject
Project("{FAE04EC0-301F-11D3-BF4B-00C04F79EFBC}") = "S08", "S08\S08.csproj", "{1586F8B5-2C49-462C-B55C-F667F68E342B}"
EndProject
Project("{FAE04EC0-301F-11D3-BF4B-00C04F79EFBC}") = "S09", "S09\S09.csproj", "{C714CC94-F57E-4C26-A1AC-61E073AC27B2}"
EndProject
Project("{FAE04EC0-301F-11D3-BF4B-00C04F79EFBC}") = "S10", "S10\S10.csproj", "{397D2140-548A-4AE0-B140-1E4FDA554669}"
EndProject
Project("{FAE04EC0-301F-11D3-BF4B-00C04F79EFBC}") = "S11", "S11\S11.csproj", "{39BF4F66-4C11-4788-8135-8968338459B9}"
EndProject
Project("{FAE04EC0-301F-11D3-BF4B-00C04F79EFBC}") = "S12", "S12\S12.csproj", "{CB31C6A8-6A7C-4964-806F-E418BEB14DFD}"
EndProject
Project("{FAE04EC0-301F-11D3-BF4B-00C04F79EFBC}") = "S13", "S13\S13.csproj", "{E8BC7D64-7C17-4CA1-80C7-52848DF1C098}"
EndProject
Project("{FAE04EC0-301F-11D3-BF4B-00C04F79EFBC}") = "S14", "S14\S14.csproj", "{BB7C4E22-834D-41BE-A89B-EDB08971F1F2}"
EndProject
Project("{FAE04EC0-301F-11D3-BF4B-00C04F79EFBC}") = "S15", "S15\S15.csproj", "{BCBA8C60-DD22-41DD-8CFF-57966CABC758}"
EndProject
Project("{FAE04EC0-301F-11D3-BF4B-00C04F79EFBC}") = "S16", "S16\S16.csproj", "{2CC0D5CB-78FC-4232-9A1A-46657EE2999E}"
EndProject
Project("{FAE04EC0-301F-11D3-BF4B-00C04F79EFBC}") = "S17", "S17\S17.csproj", "{D0EA92CF-C864-43AC-A7B8-BD5BE2541334}"
EndProject
Project("{FAE04EC0-301F-11D3-BF4B-00C04F79EFBC}") = "S18", "S18\S18.csproj", "{53434694-1065-4B03-A0D3-6D602A6FF635}"
EndProject
Project("{FAE04EC0-301F-11D3-BF4B-00C04F79EFBC}") = "S07", "S07\S07.csproj", "{31FEE9EF-D435-499E-A1CD-37F28AA8268C}"
EndProject
Global
	GlobalSection(SolutionConfigurationPlatforms) = preSolution
		Debug|Any CPU = Debug|Any CPU
		Release|Any CPU = Release|Any CPU
	EndGlobalSection
	GlobalSection(ProjectConfigurationPlatforms) = postSolution
		{DEFA012A-1291-4DFB-A7D6-5385F90619E0}.Debug|Any CPU.ActiveCfg = Debug|Any CPU
		{DEFA012A-1291-4DFB-A7D6-5385F90619E0}.Debug|Any CPU.Build.0 = Debug|Any CPU
		{DEFA012A-1291-4DFB-A7D6-5385F90619E0}.Release|Any CPU.ActiveCfg = Release|Any CPU
		{DEFA012A-1291-4DFB-A7D6-5385F90619E0}.Release|Any CPU.Build.0 = Release|Any CPU
		{8417BE43-D5E8-43FE-906A-2EF68760F590}.Debug|Any CPU.ActiveCfg = Debug|Any CPU
		{8417BE43-D5E8-43FE-906A-2EF68760F590}.Debug|Any CPU.Build.0 = Debug|Any CPU
		{8417BE43-D5E8-43FE-906A-2EF68760F590}.Release|Any CPU.ActiveCfg = Release|Any CPU
		{8417BE43-D5E8-43FE-906A-2EF68760F590}.Release|Any CPU.Build.0 = Release|Any CPU
		{06BEC78A-3DA0-47F9-B003-40752400C46D}.Debug|Any CPU.ActiveCfg = Debug|Any CPU
		{06BEC78A-3DA0-47F9-B003-40752400C46D}.Debug|Any CPU.Build.0 = Debug|Any CPU
		{06BEC78A-3DA0-47F9-B003-40752400C46D}.Release|Any CPU.ActiveCfg = Release|Any CPU
		{06BEC78A-3DA0-47F9-B003-40752400C46D}.Release|Any CPU.Build.0 = Release|Any CPU
		{CD7FA250-1484-4FF6-B138-1CACE0BF4611}.Debug|Any CPU.ActiveCfg = Debug|Any CPU
		{CD7FA250-1484-4FF6-B138-1CACE0BF4611}.Debug|Any CPU.Build.0 = Debug|Any CPU
		{CD7FA250-1484-4FF6-B138-1CACE0BF4611}.Release|Any CPU.ActiveCfg = Release|Any CPU
		{CD7FA250-1484-4FF6-B138-1CACE0BF4611}.Release|Any CPU.Build.0 = Release|Any CPU
		{421641CF-8A87-4F76-8E65-6E3A559CB1DB}.Debug|Any CPU.ActiveCfg = Debug|Any CPU
		{421641CF-8A87-4F76-8E65-6E3A559CB1DB}.Debug|Any CPU.Build.0 = Debug|Any CPU
		{421641CF-8A87-4F76-8E65-6E3A559CB1DB}.Release|Any CPU.ActiveCfg = Release|Any CPU
		{421641CF-8A87-4F76-8E65-6E3A559CB1DB}.Release|Any CPU.Build.0 = Release|Any CPU
		{65877423-341F-41FF-AD99-BCB48DAAE5D2}.Debug|Any CPU.ActiveCfg = Debug|Any CPU
		{65877423-341F-41FF-AD99-BCB48DAAE5D2}.Debug|Any CPU.Build.0 = Debug|Any CPU
		{65877423-341F-41FF-AD99-BCB48DAAE5D2}.Release|Any CPU.ActiveCfg = Release|Any CPU
		{65877423-341F-41FF-AD99-BCB48DAAE5D2}.Release|Any CPU.Build.0 = Release|Any CPU
		{A16DE523-4748-4E6E-9AC0-BD702ACCC93A}.Debug|Any CPU.ActiveCfg = Debug|Any CPU
		{A16DE523-4748-4E6E-9AC0-BD702ACCC93A}.Debug|Any CPU.Build.0 = Debug|Any CPU
		{A16DE523-4748-4E6E-9AC0-BD702ACCC93A}.Release|Any CPU.ActiveCfg = Release|Any CPU
		{A16DE523-4748-4E6E-9AC0-BD702ACCC93A}.Release|Any CPU.Build.0 = Release|Any CPU
		{1586F8B5-2C49-462C-B55C-F667F68E342B}.Debug|Any CPU.ActiveCfg = Debug|Any CPU
		{1586F8B5-2C49-462C-B55C-F667F68E342B}.Debug|Any CPU.Build.0 = Debug|Any CPU
		{1586F8B5-2C49-462C-B55C-F667F68E342B}.Release|Any CPU.ActiveCfg = Release|Any CPU
		{1586F8B5-2C49-462C-B55C-F667F68E342B}.Release|Any CPU.Build.0 = Release|Any CPU
		{C714CC94-F57E-4C26-A1AC-61E073AC27B2}.Debug|Any CPU.ActiveCfg = Debug|Any CPU
		{C714CC94-F57E-4C26-A1AC-61E073AC27B2}.Debug|Any CPU.Build.0 = Debug|Any CPU
		{C714CC94-F57E-4C26-A1AC-61E073AC27B2}.Release|Any CPU.ActiveCfg = Release|Any CPU
		{C714CC94-F57E-4C26-A1AC-61E073AC27B2}.Release|Any CPU.Build.0 = Release|Any CPU
		{397D2140-548A-4AE0-B140-1E4FDA554669}.Debug|Any CPU.ActiveCfg = Debug|Any CPU
		{397D2140-548A-4AE0-B140-1E4FDA554669}.Debug|Any CPU.Build.0 = Debug|Any CPU
		{397D2140-548A-4AE0-B140-1E4FDA554669}.Release|Any CPU.ActiveCfg = Release|Any CPU
		{397D2140-548A-4AE0-B140-1E4FDA554669}.Release|Any CPU.Build.0 = Release|Any CPU
		{39BF4F66-4C11-4788-8135-8968338459B9}.Debug|Any CPU.ActiveCfg = Debug|Any CPU
		{39BF4F66-4C11-4788-8135-8968338459B9}.Debug|Any CPU.Build.0 = Debug|Any CPU
		{39BF4F66-4C11-4788-8135-8968338459B9}.Release|Any CPU.ActiveCfg = Release|Any CPU
		{39BF4F66-4C11-4788-8135-8968338459B9}.Release|Any CPU.Build.0 = Release|Any CPU
		{CB31C6A8-6A7C-4964-806F-E418BEB14DFD}.Debug|Any CPU.ActiveCfg = Debug|Any CPU
		{CB31C6A8-6A7C-4964-806F-E418BEB14DFD}.Debug|Any CPU.Build.0 = Debug|Any CPU
		{CB31C6A8-6A7C-4964-806F-E418BEB14DFD}.Release|Any CPU.ActiveCfg = Release|Any CPU
		{CB31C6A8-6A7C-4964-806F-E418BEB14DFD}.Release|Any CPU.Build.0 = Release|Any CPU
		{E8BC7D64-7C17-4CA1-80C7-52848DF1C098}.Debug|Any CPU.ActiveCfg = Debug|Any CPU
		{E8BC7D64-7C17-4CA1-80C7-52848DF1C098}.Debug|Any CPU.Build.0 = Debug|Any CPU
		{E8BC7D64-7C17-4CA1-80C7-52848DF1C098}.Release|Any CPU.ActiveCfg = Release|Any CPU
		{E8BC7D64-7C17-4CA1-80C7-52848DF1C098}.Release|Any CPU.Build.0 = Release|Any CPU
		{BB7C4E22-834D-41BE-A89B-EDB08971F1F2}.Debug|Any CPU.ActiveCfg = Debug|Any CPU
		{BB7C4E22-834D-41BE-A89B-EDB08971F1F2}.Debug|Any CPU.Build.0 = Debug|Any CPU
		{BB7C4E22-834D-41BE-A89B-EDB08971F1F2}.Release|Any CPU.ActiveCfg = Release|Any CPU
		{BB7C4E22-834D-41BE-A89B-EDB08971F1F2}.Release|Any CPU.Build.0 = Release|Any CPU
		{BCBA8C60-DD22-41DD-8CFF-57966CABC758}.Debug|Any CPU.ActiveCfg = Debug|Any CPU
		{BCBA8C60-DD22-41DD-8CFF-57966CABC758}.Debug|Any CPU.Build.0 = Debug|Any CPU
		{BCBA8C60-DD22-41DD-8CFF-57966CABC758}.Release|Any CPU.ActiveCfg = Release|Any CPU
		{BCBA8C60-DD22-41DD-8CFF-57966CABC758}.Release|Any CPU.Build.0 = Release|Any CPU
		{2CC0D5CB-78FC-4232-9A1A-46657EE2999E}.Debug|Any CPU.ActiveCfg = Debug|Any CPU
		{2CC0D5CB-78FC-4232-9A1A-46657EE2999E}.Debug|Any CPU.Build.0 = Debug|Any CPU
		{2CC0D5CB-78FC-4232-9A1A-46657EE2999E}.Release|Any CPU.ActiveCfg = Release|Any CPU
		{2CC0D5CB-78FC-4232-9A1A-46657EE2999E}.Release|Any CPU.Build.0 = Release|Any CPU
		{D0EA92CF-C864-43AC-A7B8-BD5BE2541334}.Debug|Any CPU.ActiveCfg = Debug|Any CPU
		{D0EA92CF-C864-43AC-A7B8-BD5BE2541334}.Debug|Any CPU.Build.0 = Debug|Any CPU
		{D0EA92CF-C864-43AC-A7B8-BD5BE2541334}.Release|Any CPU.ActiveCfg = Release|Any CPU
		{D0EA92CF-C864-43AC-A7B8-BD5BE2541334}.Release|Any CPU.Build.0 = Release|Any CPU
		{53434694-1065-4B03-A0D3-6D602A6FF635}.Debug|Any CPU.ActiveCfg = Debug|Any CPU
		{53434694-1065-4B03-A0D3-6D602A6FF635}.Debug|Any CPU.Build.0 = Debug|Any CPU
		{53434694-1065-4B03-A0D3-6D602A6FF635}.Release|Any CPU.ActiveCfg = Release|Any CPU
		{53434694-1065-4B03-A0D3-6D602A6FF635}.Release|Any CPU.Build.0 = Release|Any CPU
		{31FEE9EF-D435-499E-A1CD-37F28AA8268C}.Debug|Any CPU.ActiveCfg = Debug|Any CPU
		{31FEE9EF-D435-499E-A1CD-37F28AA8268C}.Debug|Any CPU.Build.0 = Debug|Any CPU
		{31FEE9EF-D435-499E-A1CD-37F28AA8268C}.Release|Any CPU.ActiveCfg = Release|Any CPU
		{31FEE9EF-D435-499E-A1CD-37F28AA8268C}.Release|Any CPU.Build.0 = Release|Any CPU
	EndGlobalSection
	GlobalSection(SolutionProperties) = preSolution
		HideSolutionNode = FALSE
	EndGlobalSection
	GlobalSection(ExtensibilityGlobals) = postSolution
		SolutionGuid = {01748EC7-5E6A-49F9-B463-496CAC48FC7E}
	EndGlobalSection
EndGlobal
